<Solution>
  <Folder Name="/src/" />
  <Folder Name="/src/agents/">
    <Project Path="src/agents/ChatAgent/ChatAgent.csproj" />
    <Project Path="src/agents/Mail.Mcp/Mail.Mcp.csproj" />
    <Project Path="src/agents/NotificationAgent/NotificationAgent.csproj" />
    <Project Path="src/agents/Reviews.Moderation/Reviews.Moderation.csproj" />
  </Folder>
  <Folder Name="/src/aspire/">
    <Project Path="src/aspire/AppHost/AppHost.csproj" />
    <Project Path="src/aspire/ServiceDefaults/ServiceDefaults.csproj" />
  </Folder>
  <Folder Name="/src/others/">
    <Project Path="src/others/Common/Common.csproj" />
    <Project Path="src/others/Identity.Server/Identity.Server.csproj" />
    <Project Path="src/others/Shared/Shared.csproj" />
  </Folder>
  <Folder Name="/src/services/">
    <Project Path="src/services/basket/Basket.Api/Basket.Api.csproj" />
    <Project Path="src/services/catalog/Catalog.Api/Catalog.Api.csproj" />
    <Project Path="src/services/checkout/Checkout.Orchestrator/Checkout.Orchestrator.csproj" />
    <Project Path="src/services/customer/Customer.Api/Customer.Api.csproj" />
    <Project Path="src/services/gateway/Gateway/Gateway.csproj" />
    <Project Path="src/services/library/Library.Api/Library.Api.csproj" />
    <Project Path="src/services/order/Order.Api/Order.Api.csproj" />
    <Project Path="src/services/payment/Payment.Api/Payment.Api.csproj" />
    <Project Path="src/services/reviews/Reviews.Api/Reviews.Api.csproj" />
    <Project Path="src/services/stock/Stock.Api/Stock.Api.csproj" />
    <Project Path="src/services/storefront/Storefront.Api/Storefront.Api.csproj" />
  </Folder>
  <Folder Name="/src/ui/">
    <Project Path="src/ui/WebApp/WebApp.csproj" />
  </Folder>
  <Folder Name="/tests/">
    <Project Path="tests/Basket.Api.Tests/Basket.Api.Tests.csproj" />
    <Project Path="tests/Catalog.Api.Tests/Catalog.Api.Tests.csproj" />
    <Project Path="tests/Customer.Api.Tests/Customer.Api.Tests.csproj" />
    <Project Path="tests/Common.Tests/Common.Tests.csproj" />
    <Project Path="tests/Identity.Server.Tests/Identity.Server.Tests.csproj" />
    <Project Path="tests/Library.Api.Tests/Library.Api.Tests.csproj" />
    <Project Path="tests/Order.Api.Tests/Order.Api.Tests.csproj" />
    <Project Path="tests/Payment.Api.Tests/Payment.Api.Tests.csproj" />
    <Project Path="tests/Reviews.Api.Tests/Reviews.Api.Tests.csproj" />
    <Project Path="tests/Stock.Api.Tests/Stock.Api.Tests.csproj" />
    <Project Path="tests/Storefront.Api.Tests/Storefront.Api.Tests.csproj" />
  </Folder>
</Solution>
